
Microsoft Visual Studio Solution File, Format Version 12.00
# Visual Studio Version 16
VisualStudioVersion = 16.0.30011.22
MinimumVisualStudioVersion = 10.0.40219.1
Project("{FAE04EC0-301F-11D3-BF4B-00C04F79EFBC}") = "FundooNote", "FundooNote.csproj", "{C4BBC916-FCCA-4E8D-8753-2BB8ABD021A3}"
EndProject
Project("{9A19103F-16F7-4668-BE54-9A1E7A4F7556}") = "FundooManager", "..\FundooManager\FundooManager.csproj", "{A1828C70-9BFC-4F6A-A581-0B698D27FB6F}"
EndProject
Project("{9A19103F-16F7-4668-BE54-9A1E7A4F7556}") = "FundooRespository", "..\FundooRespository\FundooRespository.csproj", "{488CD9C7-2DFE-4BE2-975B-684CCF51C1E4}"
EndProject
Global
	GlobalSection(SolutionConfigurationPlatforms) = preSolution
		Debug|Any CPU = Debug|Any CPU
		Release|Any CPU = Release|Any CPU
	EndGlobalSection
	GlobalSection(ProjectConfigurationPlatforms) = postSolution
		{C4BBC916-FCCA-4E8D-8753-2BB8ABD021A3}.Debug|Any CPU.ActiveCfg = Debug|Any CPU
		{C4BBC916-FCCA-4E8D-8753-2BB8ABD021A3}.Debug|Any CPU.Build.0 = Debug|Any CPU
		{C4BBC916-FCCA-4E8D-8753-2BB8ABD021A3}.Release|Any CPU.ActiveCfg = Release|Any CPU
		{C4BBC916-FCCA-4E8D-8753-2BB8ABD021A3}.Release|Any CPU.Build.0 = Release|Any CPU
		{A1828C70-9BFC-4F6A-A581-0B698D27FB6F}.Debug|Any CPU.ActiveCfg = Debug|Any CPU
		{A1828C70-9BFC-4F6A-A581-0B698D27FB6F}.Debug|Any CPU.Build.0 = Debug|Any CPU
		{A1828C70-9BFC-4F6A-A581-0B698D27FB6F}.Release|Any CPU.ActiveCfg = Release|Any CPU
		{A1828C70-9BFC-4F6A-A581-0B698D27FB6F}.Release|Any CPU.Build.0 = Release|Any CPU
		{488CD9C7-2DFE-4BE2-975B-684CCF51C1E4}.Debug|Any CPU.ActiveCfg = Debug|Any CPU
		{488CD9C7-2DFE-4BE2-975B-684CCF51C1E4}.Debug|Any CPU.Build.0 = Debug|Any CPU
		{488CD9C7-2DFE-4BE2-975B-684CCF51C1E4}.Release|Any CPU.ActiveCfg = Release|Any CPU
		{488CD9C7-2DFE-4BE2-975B-684CCF51C1E4}.Release|Any CPU.Build.0 = Release|Any CPU
	EndGlobalSection
	GlobalSection(SolutionProperties) = preSolution
		HideSolutionNode = FALSE
	EndGlobalSection
	GlobalSection(ExtensibilityGlobals) = postSolution
		SolutionGuid = {0A7EF650-B8C2-4888-8462-3FB08BF3F2FD}
	EndGlobalSection
EndGlobal
